// !$*UTF8*$!
{
	archiveVersion = 1;
	classes = {
	};
	objectVersion = 46;
	objects = {

/* Begin PBXBuildFile section */
		D3E9882C1C4DAD2800715F57 /* AppDelegate.swift in Sources */ = {isa = PBXBuildFile; fileRef = D3E9882B1C4DAD2800715F57 /* AppDelegate.swift */; };
		D3E9882E1C4DAD2800715F57 /* ViewController.swift in Sources */ = {isa = PBXBuildFile; fileRef = D3E9882D1C4DAD2800715F57 /* ViewController.swift */; };
		D3E988311C4DAD2800715F57 /* Main.storyboard in Resources */ = {isa = PBXBuildFile; fileRef = D3E9882F1C4DAD2800715F57 /* Main.storyboard */; };
		D3E988331C4DAD2800715F57 /* Assets.xcassets in Resources */ = {isa = PBXBuildFile; fileRef = D3E988321C4DAD2800715F57 /* Assets.xcassets */; };
		D3E988361C4DAD2800715F57 /* LaunchScreen.storyboard in Resources */ = {isa = PBXBuildFile; fileRef = D3E988341C4DAD2800715F57 /* LaunchScreen.storyboard */; };
		D3E9883E1C4DAD4D00715F57 /* ImageViewController.swift in Sources */ = {isa = PBXBuildFile; fileRef = D3E9883D1C4DAD4D00715F57 /* ImageViewController.swift */; };
		D3E988401C4DAD5800715F57 /* VideoViewController.swift in Sources */ = {isa = PBXBuildFile; fileRef = D3E9883F1C4DAD5800715F57 /* VideoViewController.swift */; };
		D3E988421C4DAD5F00715F57 /* BESwiftCamera.swift in Sources */ = {isa = PBXBuildFile; fileRef = D3E988411C4DAD5F00715F57 /* BESwiftCamera.swift */; };
		D3E9884A1C4DAD7400715F57 /* camera-flash.png in Resources */ = {isa = PBXBuildFile; fileRef = D3E988431C4DAD7400715F57 /* camera-flash.png */; };
		D3E9884B1C4DAD7400715F57 /* camera-flash@2x.png in Resources */ = {isa = PBXBuildFile; fileRef = D3E988441C4DAD7400715F57 /* camera-flash@2x.png */; };
		D3E9884C1C4DAD7400715F57 /* camera-switch.png in Resources */ = {isa = PBXBuildFile; fileRef = D3E988451C4DAD7400715F57 /* camera-switch.png */; };
		D3E9884D1C4DAD7400715F57 /* camera-switch@2x.png in Resources */ = {isa = PBXBuildFile; fileRef = D3E988461C4DAD7400715F57 /* camera-switch@2x.png */; };
		D3E9884E1C4DAD7400715F57 /* cancel.png in Resources */ = {isa = PBXBuildFile; fileRef = D3E988471C4DAD7400715F57 /* cancel.png */; };
		D3E9884F1C4DAD7400715F57 /* cancel@2x.png in Resources */ = {isa = PBXBuildFile; fileRef = D3E988481C4DAD7400715F57 /* cancel@2x.png */; };
		D3E988501C4DAD7400715F57 /* cancel@3x.png in Resources */ = {isa = PBXBuildFile; fileRef = D3E988491C4DAD7400715F57 /* cancel@3x.png */; };
		D3E988531C4DAD8300715F57 /* FixOrientationUIImageExtension.swift in Sources */ = {isa = PBXBuildFile; fileRef = D3E988521C4DAD8300715F57 /* FixOrientationUIImageExtension.swift */; };
/* End PBXBuildFile section */

/* Begin PBXFileReference section */
		D3E988281C4DAD2800715F57 /* BESwiftCamera.app */ = {isa = PBXFileReference; explicitFileType = wrapper.application; includeInIndex = 0; path = BESwiftCamera.app; sourceTree = BUILT_PRODUCTS_DIR; };
		D3E9882B1C4DAD2800715F57 /* AppDelegate.swift */ = {isa = PBXFileReference; lastKnownFileType = sourcecode.swift; path = AppDelegate.swift; sourceTree = "<group>"; };
		D3E9882D1C4DAD2800715F57 /* ViewController.swift */ = {isa = PBXFileReference; lastKnownFileType = sourcecode.swift; path = ViewController.swift; sourceTree = "<group>"; };
		D3E988301C4DAD2800715F57 /* Base */ = {isa = PBXFileReference; lastKnownFileType = file.storyboard; name = Base; path = Base.lproj/Main.storyboard; sourceTree = "<group>"; };
		D3E988321C4DAD2800715F57 /* Assets.xcassets */ = {isa = PBXFileReference; lastKnownFileType = folder.assetcatalog; path = Assets.xcassets; sourceTree = "<group>"; };
		D3E988351C4DAD2800715F57 /* Base */ = {isa = PBXFileReference; lastKnownFileType = file.storyboard; name = Base; path = Base.lproj/LaunchScreen.storyboard; sourceTree = "<group>"; };
		D3E988371C4DAD2800715F57 /* Info.plist */ = {isa = PBXFileReference; lastKnownFileType = text.plist.xml; path = Info.plist; sourceTree = "<group>"; };
		D3E9883D1C4DAD4D00715F57 /* ImageViewController.swift */ = {isa = PBXFileReference; fileEncoding = 4; lastKnownFileType = sourcecode.swift; path = ImageViewController.swift; sourceTree = "<group>"; };
		D3E9883F1C4DAD5800715F57 /* VideoViewController.swift */ = {isa = PBXFileReference; fileEncoding = 4; lastKnownFileType = sourcecode.swift; path = VideoViewController.swift; sourceTree = "<group>"; };
		D3E988411C4DAD5F00715F57 /* BESwiftCamera.swift */ = {isa = PBXFileReference; fileEncoding = 4; lastKnownFileType = sourcecode.swift; path = BESwiftCamera.swift; sourceTree = "<group>"; };
		D3E988431C4DAD7400715F57 /* camera-flash.png */ = {isa = PBXFileReference; lastKnownFileType = image.png; path = "camera-flash.png"; sourceTree = "<group>"; };
		D3E988441C4DAD7400715F57 /* camera-flash@2x.png */ = {isa = PBXFileReference; lastKnownFileType = image.png; path = "camera-flash@2x.png"; sourceTree = "<group>"; };
		D3E988451C4DAD7400715F57 /* camera-switch.png */ = {isa = PBXFileReference; lastKnownFileType = image.png; path = "camera-switch.png"; sourceTree = "<group>"; };
		D3E988461C4DAD7400715F57 /* camera-switch@2x.png */ = {isa = PBXFileReference; lastKnownFileType = image.png; path = "camera-switch@2x.png"; sourceTree = "<group>"; };
		D3E988471C4DAD7400715F57 /* cancel.png */ = {isa = PBXFileReference; lastKnownFileType = image.png; path = cancel.png; sourceTree = "<group>"; };
		D3E988481C4DAD7400715F57 /* cancel@2x.png */ = {isa = PBXFileReference; lastKnownFileType = image.png; path = "cancel@2x.png"; sourceTree = "<group>"; };
		D3E988491C4DAD7400715F57 /* cancel@3x.png */ = {isa = PBXFileReference; lastKnownFileType = image.png; path = "cancel@3x.png"; sourceTree = "<group>"; };
		D3E988521C4DAD8300715F57 /* FixOrientationUIImageExtension.swift */ = {isa = PBXFileReference; fileEncoding = 4; lastKnownFileType = sourcecode.swift; path = FixOrientationUIImageExtension.swift; sourceTree = "<group>"; };
/* End PBXFileReference section */

/* Begin PBXFrameworksBuildPhase section */
		D3E988251C4DAD2800715F57 /* Frameworks */ = {
			isa = PBXFrameworksBuildPhase;
			buildActionMask = 2147483647;
			files = (
			);
			runOnlyForDeploymentPostprocessing = 0;
		};
/* End PBXFrameworksBuildPhase section */

/* Begin PBXGroup section */
		D3E9881F1C4DAD2800715F57 = {
			isa = PBXGroup;
			children = (
				D3E9882A1C4DAD2800715F57 /* BESwiftCamera */,
				D3E988291C4DAD2800715F57 /* Products */,
			);
			sourceTree = "<group>";
		};
		D3E988291C4DAD2800715F57 /* Products */ = {
			isa = PBXGroup;
			children = (
				D3E988281C4DAD2800715F57 /* BESwiftCamera.app */,
			);
			name = Products;
			sourceTree = "<group>";
		};
		D3E9882A1C4DAD2800715F57 /* BESwiftCamera */ = {
			isa = PBXGroup;
			children = (
				D3E9882B1C4DAD2800715F57 /* AppDelegate.swift */,
				D3E988321C4DAD2800715F57 /* Assets.xcassets */,
				D3E988411C4DAD5F00715F57 /* BESwiftCamera.swift */,
				D3E988521C4DAD8300715F57 /* FixOrientationUIImageExtension.swift */,
				D3E988511C4DAD7800715F57 /* Images */,
				D3E9883D1C4DAD4D00715F57 /* ImageViewController.swift */,
				D3E988371C4DAD2800715F57 /* Info.plist */,
				D3E988341C4DAD2800715F57 /* LaunchScreen.storyboard */,
				D3E9882F1C4DAD2800715F57 /* Main.storyboard */,
				D3E9883F1C4DAD5800715F57 /* VideoViewController.swift */,
				D3E9882D1C4DAD2800715F57 /* ViewController.swift */,
			);
			path = BESwiftCamera;
			sourceTree = "<group>";
		};
		D3E988511C4DAD7800715F57 /* Images */ = {
			isa = PBXGroup;
			children = (
				D3E988431C4DAD7400715F57 /* camera-flash.png */,
				D3E988441C4DAD7400715F57 /* camera-flash@2x.png */,
				D3E988451C4DAD7400715F57 /* camera-switch.png */,
				D3E988461C4DAD7400715F57 /* camera-switch@2x.png */,
				D3E988471C4DAD7400715F57 /* cancel.png */,
				D3E988481C4DAD7400715F57 /* cancel@2x.png */,
				D3E988491C4DAD7400715F57 /* cancel@3x.png */,
			);
			name = Images;
			sourceTree = "<group>";
		};
/* End PBXGroup section */

/* Begin PBXNativeTarget section */
		D3E988271C4DAD2800715F57 /* BESwiftCamera */ = {
			isa = PBXNativeTarget;
			buildConfigurationList = D3E9883A1C4DAD2800715F57 /* Build configuration list for PBXNativeTarget "BESwiftCamera" */;
			buildPhases = (
				D3E988241C4DAD2800715F57 /* Sources */,
				D3E988251C4DAD2800715F57 /* Frameworks */,
				D3E988261C4DAD2800715F57 /* Resources */,
			);
			buildRules = (
			);
			dependencies = (
			);
			name = BESwiftCamera;
			productName = BESwiftCamera;
			productReference = D3E988281C4DAD2800715F57 /* BESwiftCamera.app */;
			productType = "com.apple.product-type.application";
		};
/* End PBXNativeTarget section */

/* Begin PBXProject section */
		D3E988201C4DAD2800715F57 /* Project object */ = {
			isa = PBXProject;
			attributes = {
				LastSwiftUpdateCheck = 0720;
				LastUpgradeCheck = 0720;
				ORGANIZATIONNAME = brianearley;
				TargetAttributes = {
					D3E988271C4DAD2800715F57 = {
						CreatedOnToolsVersion = 7.2;
						DevelopmentTeam = XDHB2S95PZ;
					};
				};
			};
			buildConfigurationList = D3E988231C4DAD2800715F57 /* Build configuration list for PBXProject "BESwiftCamera" */;
			compatibilityVersion = "Xcode 3.2";
			developmentRegion = English;
			hasScannedForEncodings = 0;
			knownRegions = (
				en,
				Base,
			);
			mainGroup = D3E9881F1C4DAD2800715F57;
			productRefGroup = D3E988291C4DAD2800715F57 /* Products */;
			projectDirPath = "";
			projectRoot = "";
			targets = (
				D3E988271C4DAD2800715F57 /* BESwiftCamera */,
			);
		};
/* End PBXProject section */

/* Begin PBXResourcesBuildPhase section */
		D3E988261C4DAD2800715F57 /* Resources */ = {
			isa = PBXResourcesBuildPhase;
			buildActionMask = 2147483647;
			files = (
				D3E988361C4DAD2800715F57 /* LaunchScreen.storyboard in Resources */,
				D3E9884F1C4DAD7400715F57 /* cancel@2x.png in Resources */,
				D3E988331C4DAD2800715F57 /* Assets.xcassets in Resources */,
				D3E9884C1C4DAD7400715F57 /* camera-switch.png in Resources */,
				D3E9884E1C4DAD7400715F57 /* cancel.png in Resources */,
				D3E988501C4DAD7400715F57 /* cancel@3x.png in Resources */,
				D3E9884B1C4DAD7400715F57 /* camera-flash@2x.png in Resources */,
				D3E9884D1C4DAD7400715F57 /* camera-switch@2x.png in Resources */,
				D3E988311C4DAD2800715F57 /* Main.storyboard in Resources */,
				D3E9884A1C4DAD7400715F57 /* camera-flash.png in Resources */,
			);
			runOnlyForDeploymentPostprocessing = 0;
		};
/* End PBXResourcesBuildPhase section */

/* Begin PBXSourcesBuildPhase section */
		D3E988241C4DAD2800715F57 /* Sources */ = {
			isa = PBXSourcesBuildPhase;
			buildActionMask = 2147483647;
			files = (
				D3E9882E1C4DAD2800715F57 /* ViewController.swift in Sources */,
				D3E9883E1C4DAD4D00715F57 /* ImageViewController.swift in Sources */,
				D3E988421C4DAD5F00715F57 /* BESwiftCamera.swift in Sources */,
				D3E988401C4DAD5800715F57 /* VideoViewController.swift in Sources */,
				D3E988531C4DAD8300715F57 /* FixOrientationUIImageExtension.swift in Sources */,
				D3E9882C1C4DAD2800715F57 /* AppDelegate.swift in Sources */,
			);
			runOnlyForDeploymentPostprocessing = 0;
		};
/* End PBXSourcesBuildPhase section */

/* Begin PBXVariantGroup section */
		D3E9882F1C4DAD2800715F57 /* Main.storyboard */ = {
			isa = PBXVariantGroup;
			children = (
				D3E988301C4DAD2800715F57 /* Base */,
			);
			name = Main.storyboard;
			sourceTree = "<group>";
		};
		D3E988341C4DAD2800715F57 /* LaunchScreen.storyboard */ = {
			isa = PBXVariantGroup;
			children = (
				D3E988351C4DAD2800715F57 /* Base */,
			);
			name = LaunchScreen.storyboard;
			sourceTree = "<group>";
		};
/* End PBXVariantGroup section */

/* Begin XCBuildConfiguration section */
		D3E988381C4DAD2800715F57 /* Debug */ = {
			isa = XCBuildConfiguration;
			buildSettings = {
				ALWAYS_SEARCH_USER_PATHS = NO;
				CLANG_CXX_LANGUAGE_STANDARD = "gnu++0x";
				CLANG_CXX_LIBRARY = "libc++";
				CLANG_ENABLE_MODULES = YES;
				CLANG_ENABLE_OBJC_ARC = YES;
				CLANG_WARN_BOOL_CONVERSION = YES;
				CLANG_WARN_CONSTANT_CONVERSION = YES;
				CLANG_WARN_DIRECT_OBJC_ISA_USAGE = YES_ERROR;
				CLANG_WARN_EMPTY_BODY = YES;
				CLANG_WARN_ENUM_CONVERSION = YES;
				CLANG_WARN_INT_CONVERSION = YES;
				CLANG_WARN_OBJC_ROOT_CLASS = YES_ERROR;
				CLANG_WARN_UNREACHABLE_CODE = YES;
				CLANG_WARN__DUPLICATE_METHOD_MATCH = YES;
				"CODE_SIGN_IDENTITY[sdk=iphoneos*]" = "iPhone Developer";
				COPY_PHASE_STRIP = NO;
				DEBUG_INFORMATION_FORMAT = dwarf;
				ENABLE_STRICT_OBJC_MSGSEND = YES;
				ENABLE_TESTABILITY = YES;
				GCC_C_LANGUAGE_STANDARD = gnu99;
				GCC_DYNAMIC_NO_PIC = NO;
				GCC_NO_COMMON_BLOCKS = YES;
				GCC_OPTIMIZATION_LEVEL = 0;
				GCC_PREPROCESSOR_DEFINITIONS = (
					"DEBUG=1",
					"$(inherited)",
				);
				GCC_WARN_64_TO_32_BIT_CONVERSION = YES;
				GCC_WARN_ABOUT_RETURN_TYPE = YES_ERROR;
				GCC_WARN_UNDECLARED_SELECTOR = YES;
				GCC_WARN_UNINITIALIZED_AUTOS = YES_AGGRESSIVE;
				GCC_WARN_UNUSED_FUNCTION = YES;
				GCC_WARN_UNUSED_VARIABLE = YES;
				IPHONEOS_DEPLOYMENT_TARGET = 9.2;
				MTL_ENABLE_DEBUG_INFO = YES;
				ONLY_ACTIVE_ARCH = YES;
				SDKROOT = iphoneos;
				SWIFT_OPTIMIZATION_LEVEL = "-Onone";
			};
			name = Debug;
		};
		D3E988391C4DAD2800715F57 /* Release */ = {
			isa = XCBuildConfiguration;
			buildSettings = {
				ALWAYS_SEARCH_USER_PATHS = NO;
				CLANG_CXX_LANGUAGE_STANDARD = "gnu++0x";
				CLANG_CXX_LIBRARY = "libc++";
				CLANG_ENABLE_MODULES = YES;
				CLANG_ENABLE_OBJC_ARC = YES;
				CLANG_WARN_BOOL_CONVERSION = YES;
				CLANG_WARN_CONSTANT_CONVERSION = YES;
				CLANG_WARN_DIRECT_OBJC_ISA_USAGE = YES_ERROR;
				CLANG_WARN_EMPTY_BODY = YES;
				CLANG_WARN_ENUM_CONVERSION = YES;
				CLANG_WARN_INT_CONVERSION = YES;
				CLANG_WARN_OBJC_ROOT_CLASS = YES_ERROR;
				CLANG_WARN_UNREACHABLE_CODE = YES;
				CLANG_WARN__DUPLICATE_METHOD_MATCH = YES;
				"CODE_SIGN_IDENTITY[sdk=iphoneos*]" = "iPhone Developer";
				COPY_PHASE_STRIP = NO;
				DEBUG_INFORMATION_FORMAT = "dwarf-with-dsym";
				ENABLE_NS_ASSERTIONS = NO;
				ENABLE_STRICT_OBJC_MSGSEND = YES;
				GCC_C_LANGUAGE_STANDARD = gnu99;
				GCC_NO_COMMON_BLOCKS = YES;
				GCC_WARN_64_TO_32_BIT_CONVERSION = YES;
				GCC_WARN_ABOUT_RETURN_TYPE = YES_ERROR;
				GCC_WARN_UNDECLARED_SELECTOR = YES;
				GCC_WARN_UNINITIALIZED_AUTOS = YES_AGGRESSIVE;
				GCC_WARN_UNUSED_FUNCTION = YES;
				GCC_WARN_UNUSED_VARIABLE = YES;
				IPHONEOS_DEPLOYMENT_TARGET = 9.2;
				MTL_ENABLE_DEBUG_INFO = NO;
				SDKROOT = iphoneos;
				VALIDATE_PRODUCT = YES;
			};
			name = Release;
		};
		D3E9883B1C4DAD2800715F57 /* Debug */ = {
			isa = XCBuildConfiguration;
			buildSettings = {
				ASSETCATALOG_COMPILER_APPICON_NAME = AppIcon;
				INFOPLIST_FILE = BESwiftCamera/Info.plist;
				IPHONEOS_DEPLOYMENT_TARGET = 8.1;
				LD_RUNPATH_SEARCH_PATHS = "$(inherited) @executable_path/Frameworks";
				PRODUCT_BUNDLE_IDENTIFIER = "usw-bwe.beswiftcamera.BESwiftCamera";
				PRODUCT_NAME = "$(TARGET_NAME)";
			};
			name = Debug;
		};
		D3E9883C1C4DAD2800715F57 /* Release */ = {
			isa = XCBuildConfiguration;
			buildSettings = {
				ASSETCATALOG_COMPILER_APPICON_NAME = AppIcon;
				INFOPLIST_FILE = BESwiftCamera/Info.plist;
				IPHONEOS_DEPLOYMENT_TARGET = 8.1;
				LD_RUNPATH_SEARCH_PATHS = "$(inherited) @executable_path/Frameworks";
				PRODUCT_BUNDLE_IDENTIFIER = "usw-bwe.beswiftcamera.BESwiftCamera";
				PRODUCT_NAME = "$(TARGET_NAME)";
			};
			name = Release;
		};
/* End XCBuildConfiguration section */

/* Begin XCConfigurationList section */
		D3E988231C4DAD2800715F57 /* Build configuration list for PBXProject "BESwiftCamera" */ = {
			isa = XCConfigurationList;
			buildConfigurations = (
				D3E988381C4DAD2800715F57 /* Debug */,
				D3E988391C4DAD2800715F57 /* Release */,
			);
			defaultConfigurationIsVisible = 0;
			defaultConfigurationName = Release;
		};
		D3E9883A1C4DAD2800715F57 /* Build configuration list for PBXNativeTarget "BESwiftCamera" */ = {
			isa = XCConfigurationList;
			buildConfigurations = (
				D3E9883B1C4DAD2800715F57 /* Debug */,
				D3E9883C1C4DAD2800715F57 /* Release */,
			);
			defaultConfigurationIsVisible = 0;
			defaultConfigurationName = Release;
		};
/* End XCConfigurationList section */
	};
	rootObject = D3E988201C4DAD2800715F57 /* Project object */;
}
